
Microsoft Visual Studio Solution File, Format Version 12.00
# Visual Studio Version 16
VisualStudioVersion = 16.0.32510.428
MinimumVisualStudioVersion = 10.0.40219.1
Project("{8BC9CEB8-8B4A-11D0-8D11-00A0C91BC942}") = "DllComponent", "DllComponent\DllComponent.vcxproj", "{854AA523-236D-4E9A-9872-F77224C81902}"
EndProject
Project("{FAE04EC0-301F-11D3-BF4B-00C04F79EFBC}") = "WifiTest", "TestWiFi\WifiTest.csproj", "{14F0D451-AC2D-467A-A9D2-A44806DF8F55}"
EndProject
Project("{FAE04EC0-301F-11D3-BF4B-00C04F79EFBC}") = "BrightnessTest", "FormsBrightness\BrightnessTest.csproj", "{AF7D09E8-CDF4-4425-9333-8DC2F1177412}"
EndProject
Project("{FAE04EC0-301F-11D3-BF4B-00C04F79EFBC}") = "BluetoothTest", "Bluetooth\BluetoothTest.csproj", "{9CAAACD1-4304-4082-B2BD-6D4D299D4DB5}"
EndProject
Project("{FAE04EC0-301F-11D3-BF4B-00C04F79EFBC}") = "FrontCameraTest", "FrontCameraSkin\FrontCameraTest.csproj", "{A1A0FC05-31A3-4654-8D2F-1134680FB407}"
EndProject
Project("{FAE04EC0-301F-11D3-BF4B-00C04F79EFBC}") = "RearCameraTest", "RearCameraSkin\RearCameraTest.csproj", "{630A5B99-90F7-433F-B9AF-531F4D44D403}"
EndProject
Project("{FAE04EC0-301F-11D3-BF4B-00C04F79EFBC}") = "BatteryTest", "Battery_Test\BatteryTest.csproj", "{21051C82-8758-4746-AEF2-415380A87B64}"
EndProject
Project("{FAE04EC0-301F-11D3-BF4B-00C04F79EFBC}") = "SystemFunctionTestClassic", "SystemFunctionTestClassic\SystemFunctionTestClassic.csproj", "{E7276D0B-FAC2-4825-896F-BC0532383AC5}"
EndProject
Project("{FAE04EC0-301F-11D3-BF4B-00C04F79EFBC}") = "AccelerometerTest", "AccelerometerTest\AccelerometerTest.csproj", "{2D2EEBE3-653F-4411-89C6-50D2459EB319}"
EndProject
Project("{FAE04EC0-301F-11D3-BF4B-00C04F79EFBC}") = "CompassTest", "CompassTest\CompassTest.csproj", "{C2E22EFE-21A7-4B29-AD4F-366810A4942B}"
EndProject
Project("{FAE04EC0-301F-11D3-BF4B-00C04F79EFBC}") = "GeolocationTest", "GeolocationTest\GeolocationTest.csproj", "{B6DFFD2A-F253-4D54-9752-9729F2521A13}"
EndProject
Project("{FAE04EC0-301F-11D3-BF4B-00C04F79EFBC}") = "GyrometerTest", "GyrometerTest\GyrometerTest.csproj", "{3EDB573A-989C-4D56-B7C3-24696E6B81EE}"
EndProject
Project("{FAE04EC0-301F-11D3-BF4B-00C04F79EFBC}") = "HardwareButtonTest", "HardwareButtonTest\HardwareButtonTest.csproj", "{FD1C292C-1413-4585-9DA8-99E9D01E9051}"
EndProject
Project("{FAE04EC0-301F-11D3-BF4B-00C04F79EFBC}") = "InclinometerTest", "InclinometerTest\InclinometerTest.csproj", "{8FF2D057-91F5-489D-8F27-6C56974D4C19}"
EndProject
Project("{FAE04EC0-301F-11D3-BF4B-00C04F79EFBC}") = "KeyboardTest", "KeyboardTest\KeyboardTest.csproj", "{E8673050-C8F3-420D-8397-79C3B3A90641}"
EndProject
Project("{FAE04EC0-301F-11D3-BF4B-00C04F79EFBC}") = "LightSensorTest", "LightSensorTest\LightSensorTest.csproj", "{C6133D08-EA18-4418-9064-E62FB75C97E9}"
EndProject
Project("{FAE04EC0-301F-11D3-BF4B-00C04F79EFBC}") = "OrientationTest", "OrientationTest\OrientationTest.csproj", "{70E22229-7480-46EE-AA9B-BFFCF0EA5087}"
EndProject
Project("{FAE04EC0-301F-11D3-BF4B-00C04F79EFBC}") = "PenTest", "PenTest\PenTest.csproj", "{7A19FD5D-B746-41FF-B516-BBDCD1B91A8C}"
EndProject
Project("{FAE04EC0-301F-11D3-BF4B-00C04F79EFBC}") = "RemovableDeviceTest", "RemovableDeviceTest\RemovableDeviceTest.csproj", "{5BF21E8E-9046-413C-A621-253C9D697189}"
EndProject
Project("{FAE04EC0-301F-11D3-BF4B-00C04F79EFBC}") = "SIMTest", "SIMTest\SIMTest.csproj", "{989806AD-5C88-4F84-9544-AEAB793FC0E5}"
EndProject
Project("{FAE04EC0-301F-11D3-BF4B-00C04F79EFBC}") = "TouchpadTest", "TouchpadTest\TouchpadTest.csproj", "{DA06AA3E-C254-4EB5-AC24-9DEF36325B97}"
EndProject
Project("{FAE04EC0-301F-11D3-BF4B-00C04F79EFBC}") = "TouchTest", "TouchTest\TouchTest.csproj", "{B0868D5C-0B6F-436D-9402-2AC9791CB000}"
EndProject
Project("{FAE04EC0-301F-11D3-BF4B-00C04F79EFBC}") = "DisplayTest", "Display\DisplayTest.csproj", "{EEFB960F-6D6C-435B-B0B7-920C5B53FEDF}"
EndProject
Project("{FAE04EC0-301F-11D3-BF4B-00C04F79EFBC}") = "VideoTest", "Video\VideoTest.csproj", "{413A1DBA-060D-4B90-8E5A-969DE66CF29C}"
EndProject
Project("{FAE04EC0-301F-11D3-BF4B-00C04F79EFBC}") = "SystemInfoTest", "SystemInfoTest\SystemInfoTest.csproj", "{5616E24D-30A0-43C1-823C-A2C8FB99FF1A}"
EndProject
Project("{FAE04EC0-301F-11D3-BF4B-00C04F79EFBC}") = "AudioHeadsetTest", "AudioHeadsetTest\AudioHeadsetTest.csproj", "{8BE456D6-9097-43D2-9B3D-6860905EA641}"
EndProject
Project("{FAE04EC0-301F-11D3-BF4B-00C04F79EFBC}") = "DllLog", "DllLog\DllLog.csproj", "{38D9374B-076D-4F65-B975-65E71622E6B8}"
EndProject
Project("{FAE04EC0-301F-11D3-BF4B-00C04F79EFBC}") = "GenerateSystemSettings", "GenerateSystemSettings\GenerateSystemSettings.csproj", "{66CC9B33-664B-4FB7-A8B2-71FFED725C93}"
EndProject
Project("{8BC9CEB8-8B4A-11D0-8D11-00A0C91BC942}") = "RadioManagers", "RadioManagers\RadioManagers.vcxproj", "{9BEA92B0-23BA-4EBC-AFB8-A80259B99BE5}"
EndProject
Project("{FAE04EC0-301F-11D3-BF4B-00C04F79EFBC}") = "FrontCameraTestRec", "FrontCameraSkinRec\FrontCameraTestRec.csproj", "{ED2A22A0-4731-4A02-B929-3D7219E9E953}"
EndProject
Project("{FAE04EC0-301F-11D3-BF4B-00C04F79EFBC}") = "RearCameraTestRec", "RearCameraSkinRec\RearCameraTestRec.csproj", "{B0615053-C874-44D0-8792-1373693DD5F4}"
EndProject
Project("{FAE04EC0-301F-11D3-BF4B-00C04F79EFBC}") = "LANTest", "LANTest\LANTest.csproj", "{5DED020B-AF28-4330-A824-C41777630607}"
EndProject
Project("{FAE04EC0-301F-11D3-BF4B-00C04F79EFBC}") = "BiometricTest", "BiometricTest\BiometricTest.csproj", "{6C2C33C9-116E-4275-952F-92FA0BEB9834}"
EndProject
Project("{FAE04EC0-301F-11D3-BF4B-00C04F79EFBC}") = "IRCameraTest", "IRCameraTest\IRCameraTest.csproj", "{019ACA1F-0778-4769-AD7B-6D301008DC2D}"
EndProject
Project("{FAE04EC0-301F-11D3-BF4B-00C04F79EFBC}") = "SerialPortTest", "SerialPortTest\SerialPortTest.csproj", "{348A67F7-DA71-4D99-845E-E58A5EFD391F}"
EndProject
Project("{FAE04EC0-301F-11D3-BF4B-00C04F79EFBC}") = "Upload", "Upload\Upload.csproj", "{E3869F0B-8674-47D4-AF40-0A7C963CFC3F}"
EndProject
Project("{FAE04EC0-301F-11D3-BF4B-00C04F79EFBC}") = "KeyboardNewTest", "KeyboardNewTest\KeyboardNewTest.csproj", "{6A4F6056-2668-4E96-BCDD-97666A8B0FF0}"
EndProject
Project("{FAE04EC0-301F-11D3-BF4B-00C04F79EFBC}") = "NumberpadTest", "NumberpadTest\NumberpadTest.csproj", "{47819A99-FB23-4762-B81D-585DC9A8AF67}"
EndProject
Project("{FAE04EC0-301F-11D3-BF4B-00C04F79EFBC}") = "AudioEditor", "AudioEditor\AudioEditor.csproj", "{1A3D087D-729F-4CA5-81A0-BA8B8E1B4777}"
EndProject
Project("{FAE04EC0-301F-11D3-BF4B-00C04F79EFBC}") = "ClickTouchpad", "ClickTouchpad\ClickTouchpad.csproj", "{9711DED5-6B59-40F3-853F-1CE9D8F6A7A0}"
EndProject
Project("{FAE04EC0-301F-11D3-BF4B-00C04F79EFBC}") = "Led", "Led\Led.csproj", "{76E50063-7E8A-4E28-8C23-4988A7D45F5D}"
EndProject
Project("{FAE04EC0-301F-11D3-BF4B-00C04F79EFBC}") = "AudioPlaybackTest", "AudioPlaybackTest\AudioPlaybackTest.csproj", "{0F556D9A-3EB9-4671-A36B-9A9FF6BC05AD}"
EndProject
Project("{FAE04EC0-301F-11D3-BF4B-00C04F79EFBC}") = "KeyboardFullTest", "KeyboardFullTest\KeyboardFullTest.csproj", "{4E84673B-B6EF-442F-A707-151F280864AC}"
EndProject
Project("{FAE04EC0-301F-11D3-BF4B-00C04F79EFBC}") = "Fan", "Fan\Fan.csproj", "{A8B047EA-40B6-4CCC-BA67-606A653C45B2}"
EndProject
Project("{FAE04EC0-301F-11D3-BF4B-00C04F79EFBC}") = "AudioTest", "AudioTest\AudioTest.csproj", "{D9A8FCA6-6241-4CAC-BFC4-1352E21E0A79}"
EndProject
Project("{FAE04EC0-301F-11D3-BF4B-00C04F79EFBC}") = "WifiPerf", "WifiPerf\WifiPerf.csproj", "{26AFCC69-9511-4ABB-AEAA-676C7B2F829D}"
EndProject
Project("{FAE04EC0-301F-11D3-BF4B-00C04F79EFBC}") = "KeyboardSimple", "KeyboardSimple\KeyboardSimple.csproj", "{963CE90C-9EBB-43D3-850F-8A0DCB2C5056}"
EndProject
Project("{FAE04EC0-301F-11D3-BF4B-00C04F79EFBC}") = "NumPadTest", "NumPadTest\NumPadTest.csproj", "{B3B59903-D472-4E10-ABF9-32CD9BEF5D5F}"
EndProject
Project("{FAE04EC0-301F-11D3-BF4B-00C04F79EFBC}") = "AudioSpeakerTest", "AudioSpeakerTest\AudioSpeakerTest.csproj", "{3BB395B1-A758-4355-8FF1-E03A3681A30F}"
EndProject
Project("{FAE04EC0-301F-11D3-BF4B-00C04F79EFBC}") = "KeyboardHook", "KeyboardHook\KeyboardHook.csproj", "{0AF734DB-2687-4B9B-BA88-ED65D73B416E}"
EndProject
Global
	GlobalSection(SolutionConfigurationPlatforms) = preSolution
		Debug|Any CPU = Debug|Any CPU
		Debug|x64 = Debug|x64
		Release|Any CPU = Release|Any CPU
		Release|x64 = Release|x64
	EndGlobalSection
	GlobalSection(ProjectConfigurationPlatforms) = postSolution
		{854AA523-236D-4E9A-9872-F77224C81902}.Debug|Any CPU.ActiveCfg = Win8.1 Debug|Win32
		{854AA523-236D-4E9A-9872-F77224C81902}.Debug|Any CPU.Build.0 = Win8.1 Debug|Win32
		{854AA523-236D-4E9A-9872-F77224C81902}.Debug|x64.ActiveCfg = Win8.1 Debug|Win32
		{854AA523-236D-4E9A-9872-F77224C81902}.Debug|x64.Build.0 = Win8.1 Debug|Win32
		{854AA523-236D-4E9A-9872-F77224C81902}.Release|Any CPU.ActiveCfg = Win8.1 Release|Win32
		{854AA523-236D-4E9A-9872-F77224C81902}.Release|Any CPU.Build.0 = Win8.1 Release|Win32
		{854AA523-236D-4E9A-9872-F77224C81902}.Release|x64.ActiveCfg = Win8.1 Release|Win32
		{854AA523-236D-4E9A-9872-F77224C81902}.Release|x64.Build.0 = Win8.1 Release|Win32
		{14F0D451-AC2D-467A-A9D2-A44806DF8F55}.Debug|Any CPU.ActiveCfg = Debug|Any CPU
		{14F0D451-AC2D-467A-A9D2-A44806DF8F55}.Debug|Any CPU.Build.0 = Debug|Any CPU
		{14F0D451-AC2D-467A-A9D2-A44806DF8F55}.Debug|x64.ActiveCfg = Debug|Any CPU
		{14F0D451-AC2D-467A-A9D2-A44806DF8F55}.Debug|x64.Build.0 = Debug|Any CPU
		{14F0D451-AC2D-467A-A9D2-A44806DF8F55}.Release|Any CPU.ActiveCfg = Release|Any CPU
		{14F0D451-AC2D-467A-A9D2-A44806DF8F55}.Release|Any CPU.Build.0 = Release|Any CPU
		{14F0D451-AC2D-467A-A9D2-A44806DF8F55}.Release|x64.ActiveCfg = Release|Any CPU
		{14F0D451-AC2D-467A-A9D2-A44806DF8F55}.Release|x64.Build.0 = Release|Any CPU
		{AF7D09E8-CDF4-4425-9333-8DC2F1177412}.Debug|Any CPU.ActiveCfg = Debug|x86
		{AF7D09E8-CDF4-4425-9333-8DC2F1177412}.Debug|Any CPU.Build.0 = Debug|x86
		{AF7D09E8-CDF4-4425-9333-8DC2F1177412}.Debug|x64.ActiveCfg = Debug|x86
		{AF7D09E8-CDF4-4425-9333-8DC2F1177412}.Debug|x64.Build.0 = Debug|x86
		{AF7D09E8-CDF4-4425-9333-8DC2F1177412}.Release|Any CPU.ActiveCfg = Release|x86
		{AF7D09E8-CDF4-4425-9333-8DC2F1177412}.Release|Any CPU.Build.0 = Release|x86
		{AF7D09E8-CDF4-4425-9333-8DC2F1177412}.Release|x64.ActiveCfg = Release|x86
		{AF7D09E8-CDF4-4425-9333-8DC2F1177412}.Release|x64.Build.0 = Release|x86
		{9CAAACD1-4304-4082-B2BD-6D4D299D4DB5}.Debug|Any CPU.ActiveCfg = Debug|Any CPU
		{9CAAACD1-4304-4082-B2BD-6D4D299D4DB5}.Debug|Any CPU.Build.0 = Debug|Any CPU
		{9CAAACD1-4304-4082-B2BD-6D4D299D4DB5}.Debug|x64.ActiveCfg = Debug|Any CPU
		{9CAAACD1-4304-4082-B2BD-6D4D299D4DB5}.Debug|x64.Build.0 = Debug|Any CPU
		{9CAAACD1-4304-4082-B2BD-6D4D299D4DB5}.Release|Any CPU.ActiveCfg = Release|Any CPU
		{9CAAACD1-4304-4082-B2BD-6D4D299D4DB5}.Release|Any CPU.Build.0 = Release|Any CPU
		{9CAAACD1-4304-4082-B2BD-6D4D299D4DB5}.Release|x64.ActiveCfg = Release|Any CPU
		{9CAAACD1-4304-4082-B2BD-6D4D299D4DB5}.Release|x64.Build.0 = Release|Any CPU
		{A1A0FC05-31A3-4654-8D2F-1134680FB407}.Debug|Any CPU.ActiveCfg = Debug|Any CPU
		{A1A0FC05-31A3-4654-8D2F-1134680FB407}.Debug|Any CPU.Build.0 = Debug|Any CPU
		{A1A0FC05-31A3-4654-8D2F-1134680FB407}.Debug|x64.ActiveCfg = Debug|Any CPU
		{A1A0FC05-31A3-4654-8D2F-1134680FB407}.Debug|x64.Build.0 = Debug|Any CPU
		{A1A0FC05-31A3-4654-8D2F-1134680FB407}.Release|Any CPU.ActiveCfg = Release|Any CPU
		{A1A0FC05-31A3-4654-8D2F-1134680FB407}.Release|Any CPU.Build.0 = Release|Any CPU
		{A1A0FC05-31A3-4654-8D2F-1134680FB407}.Release|x64.ActiveCfg = Release|Any CPU
		{A1A0FC05-31A3-4654-8D2F-1134680FB407}.Release|x64.Build.0 = Release|Any CPU
		{630A5B99-90F7-433F-B9AF-531F4D44D403}.Debug|Any CPU.ActiveCfg = Debug|Any CPU
		{630A5B99-90F7-433F-B9AF-531F4D44D403}.Debug|Any CPU.Build.0 = Debug|Any CPU
		{630A5B99-90F7-433F-B9AF-531F4D44D403}.Debug|x64.ActiveCfg = Debug|Any CPU
		{630A5B99-90F7-433F-B9AF-531F4D44D403}.Debug|x64.Build.0 = Debug|Any CPU
		{630A5B99-90F7-433F-B9AF-531F4D44D403}.Release|Any CPU.ActiveCfg = Release|Any CPU
		{630A5B99-90F7-433F-B9AF-531F4D44D403}.Release|Any CPU.Build.0 = Release|Any CPU
		{630A5B99-90F7-433F-B9AF-531F4D44D403}.Release|x64.ActiveCfg = Release|Any CPU
		{630A5B99-90F7-433F-B9AF-531F4D44D403}.Release|x64.Build.0 = Release|Any CPU
		{21051C82-8758-4746-AEF2-415380A87B64}.Debug|Any CPU.ActiveCfg = Debug|Any CPU
		{21051C82-8758-4746-AEF2-415380A87B64}.Debug|Any CPU.Build.0 = Debug|Any CPU
		{21051C82-8758-4746-AEF2-415380A87B64}.Debug|x64.ActiveCfg = Debug|Any CPU
		{21051C82-8758-4746-AEF2-415380A87B64}.Debug|x64.Build.0 = Debug|Any CPU
		{21051C82-8758-4746-AEF2-415380A87B64}.Release|Any CPU.ActiveCfg = Release|Any CPU
		{21051C82-8758-4746-AEF2-415380A87B64}.Release|Any CPU.Build.0 = Release|Any CPU
		{21051C82-8758-4746-AEF2-415380A87B64}.Release|x64.ActiveCfg = Release|Any CPU
		{21051C82-8758-4746-AEF2-415380A87B64}.Release|x64.Build.0 = Release|Any CPU
		{E7276D0B-FAC2-4825-896F-BC0532383AC5}.Debug|Any CPU.ActiveCfg = Debug|Any CPU
		{E7276D0B-FAC2-4825-896F-BC0532383AC5}.Debug|Any CPU.Build.0 = Debug|Any CPU
		{E7276D0B-FAC2-4825-896F-BC0532383AC5}.Debug|x64.ActiveCfg = Debug|Any CPU
		{E7276D0B-FAC2-4825-896F-BC0532383AC5}.Debug|x64.Build.0 = Debug|Any CPU
		{E7276D0B-FAC2-4825-896F-BC0532383AC5}.Release|Any CPU.ActiveCfg = Release|Any CPU
		{E7276D0B-FAC2-4825-896F-BC0532383AC5}.Release|Any CPU.Build.0 = Release|Any CPU
		{E7276D0B-FAC2-4825-896F-BC0532383AC5}.Release|x64.ActiveCfg = Release|Any CPU
		{E7276D0B-FAC2-4825-896F-BC0532383AC5}.Release|x64.Build.0 = Release|Any CPU
		{2D2EEBE3-653F-4411-89C6-50D2459EB319}.Debug|Any CPU.ActiveCfg = Debug|Any CPU
		{2D2EEBE3-653F-4411-89C6-50D2459EB319}.Debug|Any CPU.Build.0 = Debug|Any CPU
		{2D2EEBE3-653F-4411-89C6-50D2459EB319}.Debug|x64.ActiveCfg = Debug|Any CPU
		{2D2EEBE3-653F-4411-89C6-50D2459EB319}.Debug|x64.Build.0 = Debug|Any CPU
		{2D2EEBE3-653F-4411-89C6-50D2459EB319}.Release|Any CPU.ActiveCfg = Release|Any CPU
		{2D2EEBE3-653F-4411-89C6-50D2459EB319}.Release|Any CPU.Build.0 = Release|Any CPU
		{2D2EEBE3-653F-4411-89C6-50D2459EB319}.Release|x64.ActiveCfg = Release|Any CPU
		{2D2EEBE3-653F-4411-89C6-50D2459EB319}.Release|x64.Build.0 = Release|Any CPU
		{C2E22EFE-21A7-4B29-AD4F-366810A4942B}.Debug|Any CPU.ActiveCfg = Debug|Any CPU
		{C2E22EFE-21A7-4B29-AD4F-366810A4942B}.Debug|Any CPU.Build.0 = Debug|Any CPU
		{C2E22EFE-21A7-4B29-AD4F-366810A4942B}.Debug|x64.ActiveCfg = Debug|Any CPU
		{C2E22EFE-21A7-4B29-AD4F-366810A4942B}.Debug|x64.Build.0 = Debug|Any CPU
		{C2E22EFE-21A7-4B29-AD4F-366810A4942B}.Release|Any CPU.ActiveCfg = Release|Any CPU
		{C2E22EFE-21A7-4B29-AD4F-366810A4942B}.Release|Any CPU.Build.0 = Release|Any CPU
		{C2E22EFE-21A7-4B29-AD4F-366810A4942B}.Release|x64.ActiveCfg = Release|Any CPU
		{C2E22EFE-21A7-4B29-AD4F-366810A4942B}.Release|x64.Build.0 = Release|Any CPU
		{B6DFFD2A-F253-4D54-9752-9729F2521A13}.Debug|Any CPU.ActiveCfg = Debug|Any CPU
		{B6DFFD2A-F253-4D54-9752-9729F2521A13}.Debug|Any CPU.Build.0 = Debug|Any CPU
		{B6DFFD2A-F253-4D54-9752-9729F2521A13}.Debug|x64.ActiveCfg = Debug|Any CPU
		{B6DFFD2A-F253-4D54-9752-9729F2521A13}.Debug|x64.Build.0 = Debug|Any CPU
		{B6DFFD2A-F253-4D54-9752-9729F2521A13}.Release|Any CPU.ActiveCfg = Release|Any CPU
		{B6DFFD2A-F253-4D54-9752-9729F2521A13}.Release|Any CPU.Build.0 = Release|Any CPU
		{B6DFFD2A-F253-4D54-9752-9729F2521A13}.Release|x64.ActiveCfg = Release|Any CPU
		{B6DFFD2A-F253-4D54-9752-9729F2521A13}.Release|x64.Build.0 = Release|Any CPU
		{3EDB573A-989C-4D56-B7C3-24696E6B81EE}.Debug|Any CPU.ActiveCfg = Debug|Any CPU
		{3EDB573A-989C-4D56-B7C3-24696E6B81EE}.Debug|Any CPU.Build.0 = Debug|Any CPU
		{3EDB573A-989C-4D56-B7C3-24696E6B81EE}.Debug|x64.ActiveCfg = Debug|Any CPU
		{3EDB573A-989C-4D56-B7C3-24696E6B81EE}.Debug|x64.Build.0 = Debug|Any CPU
		{3EDB573A-989C-4D56-B7C3-24696E6B81EE}.Release|Any CPU.ActiveCfg = Release|Any CPU
		{3EDB573A-989C-4D56-B7C3-24696E6B81EE}.Release|Any CPU.Build.0 = Release|Any CPU
		{3EDB573A-989C-4D56-B7C3-24696E6B81EE}.Release|x64.ActiveCfg = Release|Any CPU
		{3EDB573A-989C-4D56-B7C3-24696E6B81EE}.Release|x64.Build.0 = Release|Any CPU
		{FD1C292C-1413-4585-9DA8-99E9D01E9051}.Debug|Any CPU.ActiveCfg = Debug|Any CPU
		{FD1C292C-1413-4585-9DA8-99E9D01E9051}.Debug|Any CPU.Build.0 = Debug|Any CPU
		{FD1C292C-1413-4585-9DA8-99E9D01E9051}.Debug|x64.ActiveCfg = Debug|Any CPU
		{FD1C292C-1413-4585-9DA8-99E9D01E9051}.Debug|x64.Build.0 = Debug|Any CPU
		{FD1C292C-1413-4585-9DA8-99E9D01E9051}.Release|Any CPU.ActiveCfg = Release|Any CPU
		{FD1C292C-1413-4585-9DA8-99E9D01E9051}.Release|Any CPU.Build.0 = Release|Any CPU
		{FD1C292C-1413-4585-9DA8-99E9D01E9051}.Release|x64.ActiveCfg = Release|Any CPU
		{FD1C292C-1413-4585-9DA8-99E9D01E9051}.Release|x64.Build.0 = Release|Any CPU
		{8FF2D057-91F5-489D-8F27-6C56974D4C19}.Debug|Any CPU.ActiveCfg = Debug|Any CPU
		{8FF2D057-91F5-489D-8F27-6C56974D4C19}.Debug|Any CPU.Build.0 = Debug|Any CPU
		{8FF2D057-91F5-489D-8F27-6C56974D4C19}.Debug|x64.ActiveCfg = Debug|Any CPU
		{8FF2D057-91F5-489D-8F27-6C56974D4C19}.Debug|x64.Build.0 = Debug|Any CPU
		{8FF2D057-91F5-489D-8F27-6C56974D4C19}.Release|Any CPU.ActiveCfg = Release|Any CPU
		{8FF2D057-91F5-489D-8F27-6C56974D4C19}.Release|Any CPU.Build.0 = Release|Any CPU
		{8FF2D057-91F5-489D-8F27-6C56974D4C19}.Release|x64.ActiveCfg = Release|Any CPU
		{8FF2D057-91F5-489D-8F27-6C56974D4C19}.Release|x64.Build.0 = Release|Any CPU
		{E8673050-C8F3-420D-8397-79C3B3A90641}.Debug|Any CPU.ActiveCfg = Debug|Any CPU
		{E8673050-C8F3-420D-8397-79C3B3A90641}.Debug|Any CPU.Build.0 = Debug|Any CPU
		{E8673050-C8F3-420D-8397-79C3B3A90641}.Debug|x64.ActiveCfg = Debug|Any CPU
		{E8673050-C8F3-420D-8397-79C3B3A90641}.Debug|x64.Build.0 = Debug|Any CPU
		{E8673050-C8F3-420D-8397-79C3B3A90641}.Release|Any CPU.ActiveCfg = Release|Any CPU
		{E8673050-C8F3-420D-8397-79C3B3A90641}.Release|Any CPU.Build.0 = Release|Any CPU
		{E8673050-C8F3-420D-8397-79C3B3A90641}.Release|x64.ActiveCfg = Release|Any CPU
		{E8673050-C8F3-420D-8397-79C3B3A90641}.Release|x64.Build.0 = Release|Any CPU
		{C6133D08-EA18-4418-9064-E62FB75C97E9}.Debug|Any CPU.ActiveCfg = Debug|Any CPU
		{C6133D08-EA18-4418-9064-E62FB75C97E9}.Debug|Any CPU.Build.0 = Debug|Any CPU
		{C6133D08-EA18-4418-9064-E62FB75C97E9}.Debug|x64.ActiveCfg = Debug|Any CPU
		{C6133D08-EA18-4418-9064-E62FB75C97E9}.Debug|x64.Build.0 = Debug|Any CPU
		{C6133D08-EA18-4418-9064-E62FB75C97E9}.Release|Any CPU.ActiveCfg = Release|Any CPU
		{C6133D08-EA18-4418-9064-E62FB75C97E9}.Release|Any CPU.Build.0 = Release|Any CPU
		{C6133D08-EA18-4418-9064-E62FB75C97E9}.Release|x64.ActiveCfg = Release|Any CPU
		{C6133D08-EA18-4418-9064-E62FB75C97E9}.Release|x64.Build.0 = Release|Any CPU
		{70E22229-7480-46EE-AA9B-BFFCF0EA5087}.Debug|Any CPU.ActiveCfg = Debug|Any CPU
		{70E22229-7480-46EE-AA9B-BFFCF0EA5087}.Debug|Any CPU.Build.0 = Debug|Any CPU
		{70E22229-7480-46EE-AA9B-BFFCF0EA5087}.Debug|x64.ActiveCfg = Debug|Any CPU
		{70E22229-7480-46EE-AA9B-BFFCF0EA5087}.Debug|x64.Build.0 = Debug|Any CPU
		{70E22229-7480-46EE-AA9B-BFFCF0EA5087}.Release|Any CPU.ActiveCfg = Release|Any CPU
		{70E22229-7480-46EE-AA9B-BFFCF0EA5087}.Release|Any CPU.Build.0 = Release|Any CPU
		{70E22229-7480-46EE-AA9B-BFFCF0EA5087}.Release|x64.ActiveCfg = Release|Any CPU
		{70E22229-7480-46EE-AA9B-BFFCF0EA5087}.Release|x64.Build.0 = Release|Any CPU
		{7A19FD5D-B746-41FF-B516-BBDCD1B91A8C}.Debug|Any CPU.ActiveCfg = Debug|Any CPU
		{7A19FD5D-B746-41FF-B516-BBDCD1B91A8C}.Debug|Any CPU.Build.0 = Debug|Any CPU
		{7A19FD5D-B746-41FF-B516-BBDCD1B91A8C}.Debug|x64.ActiveCfg = Debug|Any CPU
		{7A19FD5D-B746-41FF-B516-BBDCD1B91A8C}.Debug|x64.Build.0 = Debug|Any CPU
		{7A19FD5D-B746-41FF-B516-BBDCD1B91A8C}.Release|Any CPU.ActiveCfg = Release|Any CPU
		{7A19FD5D-B746-41FF-B516-BBDCD1B91A8C}.Release|Any CPU.Build.0 = Release|Any CPU
		{7A19FD5D-B746-41FF-B516-BBDCD1B91A8C}.Release|x64.ActiveCfg = Release|Any CPU
		{7A19FD5D-B746-41FF-B516-BBDCD1B91A8C}.Release|x64.Build.0 = Release|Any CPU
		{5BF21E8E-9046-413C-A621-253C9D697189}.Debug|Any CPU.ActiveCfg = Debug|Any CPU
		{5BF21E8E-9046-413C-A621-253C9D697189}.Debug|Any CPU.Build.0 = Debug|Any CPU
		{5BF21E8E-9046-413C-A621-253C9D697189}.Debug|x64.ActiveCfg = Debug|Any CPU
		{5BF21E8E-9046-413C-A621-253C9D697189}.Debug|x64.Build.0 = Debug|Any CPU
		{5BF21E8E-9046-413C-A621-253C9D697189}.Release|Any CPU.ActiveCfg = Release|Any CPU
		{5BF21E8E-9046-413C-A621-253C9D697189}.Release|Any CPU.Build.0 = Release|Any CPU
		{5BF21E8E-9046-413C-A621-253C9D697189}.Release|x64.ActiveCfg = Release|Any CPU
		{5BF21E8E-9046-413C-A621-253C9D697189}.Release|x64.Build.0 = Release|Any CPU
		{989806AD-5C88-4F84-9544-AEAB793FC0E5}.Debug|Any CPU.ActiveCfg = Debug|Any CPU
		{989806AD-5C88-4F84-9544-AEAB793FC0E5}.Debug|Any CPU.Build.0 = Debug|Any CPU
		{989806AD-5C88-4F84-9544-AEAB793FC0E5}.Debug|x64.ActiveCfg = Debug|Any CPU
		{989806AD-5C88-4F84-9544-AEAB793FC0E5}.Debug|x64.Build.0 = Debug|Any CPU
		{989806AD-5C88-4F84-9544-AEAB793FC0E5}.Release|Any CPU.ActiveCfg = Release|Any CPU
		{989806AD-5C88-4F84-9544-AEAB793FC0E5}.Release|Any CPU.Build.0 = Release|Any CPU
		{989806AD-5C88-4F84-9544-AEAB793FC0E5}.Release|x64.ActiveCfg = Release|Any CPU
		{989806AD-5C88-4F84-9544-AEAB793FC0E5}.Release|x64.Build.0 = Release|Any CPU
		{DA06AA3E-C254-4EB5-AC24-9DEF36325B97}.Debug|Any CPU.ActiveCfg = Debug|Any CPU
		{DA06AA3E-C254-4EB5-AC24-9DEF36325B97}.Debug|Any CPU.Build.0 = Debug|Any CPU
		{DA06AA3E-C254-4EB5-AC24-9DEF36325B97}.Debug|x64.ActiveCfg = Debug|Any CPU
		{DA06AA3E-C254-4EB5-AC24-9DEF36325B97}.Debug|x64.Build.0 = Debug|Any CPU
		{DA06AA3E-C254-4EB5-AC24-9DEF36325B97}.Release|Any CPU.ActiveCfg = Release|Any CPU
		{DA06AA3E-C254-4EB5-AC24-9DEF36325B97}.Release|Any CPU.Build.0 = Release|Any CPU
		{DA06AA3E-C254-4EB5-AC24-9DEF36325B97}.Release|x64.ActiveCfg = Release|Any CPU
		{DA06AA3E-C254-4EB5-AC24-9DEF36325B97}.Release|x64.Build.0 = Release|Any CPU
		{B0868D5C-0B6F-436D-9402-2AC9791CB000}.Debug|Any CPU.ActiveCfg = Debug|Any CPU
		{B0868D5C-0B6F-436D-9402-2AC9791CB000}.Debug|Any CPU.Build.0 = Debug|Any CPU
		{B0868D5C-0B6F-436D-9402-2AC9791CB000}.Debug|x64.ActiveCfg = Debug|Any CPU
		{B0868D5C-0B6F-436D-9402-2AC9791CB000}.Debug|x64.Build.0 = Debug|Any CPU
		{B0868D5C-0B6F-436D-9402-2AC9791CB000}.Release|Any CPU.ActiveCfg = Release|Any CPU
		{B0868D5C-0B6F-436D-9402-2AC9791CB000}.Release|Any CPU.Build.0 = Release|Any CPU
		{B0868D5C-0B6F-436D-9402-2AC9791CB000}.Release|x64.ActiveCfg = Release|Any CPU
		{B0868D5C-0B6F-436D-9402-2AC9791CB000}.Release|x64.Build.0 = Release|Any CPU
		{EEFB960F-6D6C-435B-B0B7-920C5B53FEDF}.Debug|Any CPU.ActiveCfg = Debug|Any CPU
		{EEFB960F-6D6C-435B-B0B7-920C5B53FEDF}.Debug|Any CPU.Build.0 = Debug|Any CPU
		{EEFB960F-6D6C-435B-B0B7-920C5B53FEDF}.Debug|x64.ActiveCfg = Debug|Any CPU
		{EEFB960F-6D6C-435B-B0B7-920C5B53FEDF}.Debug|x64.Build.0 = Debug|Any CPU
		{EEFB960F-6D6C-435B-B0B7-920C5B53FEDF}.Release|Any CPU.ActiveCfg = Release|Any CPU
		{EEFB960F-6D6C-435B-B0B7-920C5B53FEDF}.Release|Any CPU.Build.0 = Release|Any CPU
		{EEFB960F-6D6C-435B-B0B7-920C5B53FEDF}.Release|x64.ActiveCfg = Release|Any CPU
		{EEFB960F-6D6C-435B-B0B7-920C5B53FEDF}.Release|x64.Build.0 = Release|Any CPU
		{413A1DBA-060D-4B90-8E5A-969DE66CF29C}.Debug|Any CPU.ActiveCfg = Debug|Any CPU
		{413A1DBA-060D-4B90-8E5A-969DE66CF29C}.Debug|Any CPU.Build.0 = Debug|Any CPU
		{413A1DBA-060D-4B90-8E5A-969DE66CF29C}.Debug|x64.ActiveCfg = Debug|Any CPU
		{413A1DBA-060D-4B90-8E5A-969DE66CF29C}.Debug|x64.Build.0 = Debug|Any CPU
		{413A1DBA-060D-4B90-8E5A-969DE66CF29C}.Release|Any CPU.ActiveCfg = Release|Any CPU
		{413A1DBA-060D-4B90-8E5A-969DE66CF29C}.Release|Any CPU.Build.0 = Release|Any CPU
		{413A1DBA-060D-4B90-8E5A-969DE66CF29C}.Release|x64.ActiveCfg = Release|Any CPU
		{413A1DBA-060D-4B90-8E5A-969DE66CF29C}.Release|x64.Build.0 = Release|Any CPU
		{5616E24D-30A0-43C1-823C-A2C8FB99FF1A}.Debug|Any CPU.ActiveCfg = Debug|Any CPU
		{5616E24D-30A0-43C1-823C-A2C8FB99FF1A}.Debug|Any CPU.Build.0 = Debug|Any CPU
		{5616E24D-30A0-43C1-823C-A2C8FB99FF1A}.Debug|x64.ActiveCfg = Debug|Any CPU
		{5616E24D-30A0-43C1-823C-A2C8FB99FF1A}.Debug|x64.Build.0 = Debug|Any CPU
		{5616E24D-30A0-43C1-823C-A2C8FB99FF1A}.Release|Any CPU.ActiveCfg = Release|Any CPU
		{5616E24D-30A0-43C1-823C-A2C8FB99FF1A}.Release|Any CPU.Build.0 = Release|Any CPU
		{5616E24D-30A0-43C1-823C-A2C8FB99FF1A}.Release|x64.ActiveCfg = Release|Any CPU
		{5616E24D-30A0-43C1-823C-A2C8FB99FF1A}.Release|x64.Build.0 = Release|Any CPU
		{8BE456D6-9097-43D2-9B3D-6860905EA641}.Debug|Any CPU.ActiveCfg = Debug|Any CPU
		{8BE456D6-9097-43D2-9B3D-6860905EA641}.Debug|Any CPU.Build.0 = Debug|Any CPU
		{8BE456D6-9097-43D2-9B3D-6860905EA641}.Debug|x64.ActiveCfg = Debug|Any CPU
		{8BE456D6-9097-43D2-9B3D-6860905EA641}.Debug|x64.Build.0 = Debug|Any CPU
		{8BE456D6-9097-43D2-9B3D-6860905EA641}.Release|Any CPU.ActiveCfg = Release|Any CPU
		{8BE456D6-9097-43D2-9B3D-6860905EA641}.Release|Any CPU.Build.0 = Release|Any CPU
		{8BE456D6-9097-43D2-9B3D-6860905EA641}.Release|x64.ActiveCfg = Release|Any CPU
		{8BE456D6-9097-43D2-9B3D-6860905EA641}.Release|x64.Build.0 = Release|Any CPU
		{38D9374B-076D-4F65-B975-65E71622E6B8}.Debug|Any CPU.ActiveCfg = Debug|Any CPU
		{38D9374B-076D-4F65-B975-65E71622E6B8}.Debug|Any CPU.Build.0 = Debug|Any CPU
		{38D9374B-076D-4F65-B975-65E71622E6B8}.Debug|x64.ActiveCfg = Debug|Any CPU
		{38D9374B-076D-4F65-B975-65E71622E6B8}.Debug|x64.Build.0 = Debug|Any CPU
		{38D9374B-076D-4F65-B975-65E71622E6B8}.Release|Any CPU.ActiveCfg = Release|Any CPU
		{38D9374B-076D-4F65-B975-65E71622E6B8}.Release|Any CPU.Build.0 = Release|Any CPU
		{38D9374B-076D-4F65-B975-65E71622E6B8}.Release|x64.ActiveCfg = Release|Any CPU
		{38D9374B-076D-4F65-B975-65E71622E6B8}.Release|x64.Build.0 = Release|Any CPU
		{66CC9B33-664B-4FB7-A8B2-71FFED725C93}.Debug|Any CPU.ActiveCfg = Debug|Any CPU
		{66CC9B33-664B-4FB7-A8B2-71FFED725C93}.Debug|Any CPU.Build.0 = Debug|Any CPU
		{66CC9B33-664B-4FB7-A8B2-71FFED725C93}.Debug|x64.ActiveCfg = Debug|Any CPU
		{66CC9B33-664B-4FB7-A8B2-71FFED725C93}.Debug|x64.Build.0 = Debug|Any CPU
		{66CC9B33-664B-4FB7-A8B2-71FFED725C93}.Release|Any CPU.ActiveCfg = Release|Any CPU
		{66CC9B33-664B-4FB7-A8B2-71FFED725C93}.Release|Any CPU.Build.0 = Release|Any CPU
		{66CC9B33-664B-4FB7-A8B2-71FFED725C93}.Release|x64.ActiveCfg = Release|Any CPU
		{66CC9B33-664B-4FB7-A8B2-71FFED725C93}.Release|x64.Build.0 = Release|Any CPU
		{9BEA92B0-23BA-4EBC-AFB8-A80259B99BE5}.Debug|Any CPU.ActiveCfg = Debug|Win32
		{9BEA92B0-23BA-4EBC-AFB8-A80259B99BE5}.Debug|Any CPU.Build.0 = Debug|Win32
		{9BEA92B0-23BA-4EBC-AFB8-A80259B99BE5}.Debug|x64.ActiveCfg = Debug|x64
		{9BEA92B0-23BA-4EBC-AFB8-A80259B99BE5}.Debug|x64.Build.0 = Debug|x64
		{9BEA92B0-23BA-4EBC-AFB8-A80259B99BE5}.Release|Any CPU.ActiveCfg = Release|Win32
		{9BEA92B0-23BA-4EBC-AFB8-A80259B99BE5}.Release|Any CPU.Build.0 = Release|Win32
		{9BEA92B0-23BA-4EBC-AFB8-A80259B99BE5}.Release|x64.ActiveCfg = Release|x64
		{9BEA92B0-23BA-4EBC-AFB8-A80259B99BE5}.Release|x64.Build.0 = Release|x64
		{ED2A22A0-4731-4A02-B929-3D7219E9E953}.Debug|Any CPU.ActiveCfg = Debug|Any CPU
		{ED2A22A0-4731-4A02-B929-3D7219E9E953}.Debug|Any CPU.Build.0 = Debug|Any CPU
		{ED2A22A0-4731-4A02-B929-3D7219E9E953}.Debug|x64.ActiveCfg = Debug|Any CPU
		{ED2A22A0-4731-4A02-B929-3D7219E9E953}.Debug|x64.Build.0 = Debug|Any CPU
		{ED2A22A0-4731-4A02-B929-3D7219E9E953}.Release|Any CPU.ActiveCfg = Release|Any CPU
		{ED2A22A0-4731-4A02-B929-3D7219E9E953}.Release|Any CPU.Build.0 = Release|Any CPU
		{ED2A22A0-4731-4A02-B929-3D7219E9E953}.Release|x64.ActiveCfg = Release|Any CPU
		{ED2A22A0-4731-4A02-B929-3D7219E9E953}.Release|x64.Build.0 = Release|Any CPU
		{B0615053-C874-44D0-8792-1373693DD5F4}.Debug|Any CPU.ActiveCfg = Debug|Any CPU
		{B0615053-C874-44D0-8792-1373693DD5F4}.Debug|Any CPU.Build.0 = Debug|Any CPU
		{B0615053-C874-44D0-8792-1373693DD5F4}.Debug|x64.ActiveCfg = Debug|Any CPU
		{B0615053-C874-44D0-8792-1373693DD5F4}.Debug|x64.Build.0 = Debug|Any CPU
		{B0615053-C874-44D0-8792-1373693DD5F4}.Release|Any CPU.ActiveCfg = Release|Any CPU
		{B0615053-C874-44D0-8792-1373693DD5F4}.Release|Any CPU.Build.0 = Release|Any CPU
		{B0615053-C874-44D0-8792-1373693DD5F4}.Release|x64.ActiveCfg = Release|Any CPU
		{B0615053-C874-44D0-8792-1373693DD5F4}.Release|x64.Build.0 = Release|Any CPU
		{5DED020B-AF28-4330-A824-C41777630607}.Debug|Any CPU.ActiveCfg = Debug|Any CPU
		{5DED020B-AF28-4330-A824-C41777630607}.Debug|Any CPU.Build.0 = Debug|Any CPU
		{5DED020B-AF28-4330-A824-C41777630607}.Debug|x64.ActiveCfg = Debug|Any CPU
		{5DED020B-AF28-4330-A824-C41777630607}.Debug|x64.Build.0 = Debug|Any CPU
		{5DED020B-AF28-4330-A824-C41777630607}.Release|Any CPU.ActiveCfg = Release|Any CPU
		{5DED020B-AF28-4330-A824-C41777630607}.Release|Any CPU.Build.0 = Release|Any CPU
		{5DED020B-AF28-4330-A824-C41777630607}.Release|x64.ActiveCfg = Release|Any CPU
		{5DED020B-AF28-4330-A824-C41777630607}.Release|x64.Build.0 = Release|Any CPU
		{6C2C33C9-116E-4275-952F-92FA0BEB9834}.Debug|Any CPU.ActiveCfg = Debug|Any CPU
		{6C2C33C9-116E-4275-952F-92FA0BEB9834}.Debug|Any CPU.Build.0 = Debug|Any CPU
		{6C2C33C9-116E-4275-952F-92FA0BEB9834}.Debug|x64.ActiveCfg = Debug|Any CPU
		{6C2C33C9-116E-4275-952F-92FA0BEB9834}.Debug|x64.Build.0 = Debug|Any CPU
		{6C2C33C9-116E-4275-952F-92FA0BEB9834}.Release|Any CPU.ActiveCfg = Release|Any CPU
		{6C2C33C9-116E-4275-952F-92FA0BEB9834}.Release|Any CPU.Build.0 = Release|Any CPU
		{6C2C33C9-116E-4275-952F-92FA0BEB9834}.Release|x64.ActiveCfg = Release|Any CPU
		{6C2C33C9-116E-4275-952F-92FA0BEB9834}.Release|x64.Build.0 = Release|Any CPU
		{019ACA1F-0778-4769-AD7B-6D301008DC2D}.Debug|Any CPU.ActiveCfg = Debug|Any CPU
		{019ACA1F-0778-4769-AD7B-6D301008DC2D}.Debug|Any CPU.Build.0 = Debug|Any CPU
		{019ACA1F-0778-4769-AD7B-6D301008DC2D}.Debug|x64.ActiveCfg = Debug|Any CPU
		{019ACA1F-0778-4769-AD7B-6D301008DC2D}.Debug|x64.Build.0 = Debug|Any CPU
		{019ACA1F-0778-4769-AD7B-6D301008DC2D}.Release|Any CPU.ActiveCfg = Release|Any CPU
		{019ACA1F-0778-4769-AD7B-6D301008DC2D}.Release|Any CPU.Build.0 = Release|Any CPU
		{019ACA1F-0778-4769-AD7B-6D301008DC2D}.Release|x64.ActiveCfg = Release|Any CPU
		{019ACA1F-0778-4769-AD7B-6D301008DC2D}.Release|x64.Build.0 = Release|Any CPU
		{348A67F7-DA71-4D99-845E-E58A5EFD391F}.Debug|Any CPU.ActiveCfg = Debug|Any CPU
		{348A67F7-DA71-4D99-845E-E58A5EFD391F}.Debug|Any CPU.Build.0 = Debug|Any CPU
		{348A67F7-DA71-4D99-845E-E58A5EFD391F}.Debug|x64.ActiveCfg = Debug|Any CPU
		{348A67F7-DA71-4D99-845E-E58A5EFD391F}.Debug|x64.Build.0 = Debug|Any CPU
		{348A67F7-DA71-4D99-845E-E58A5EFD391F}.Release|Any CPU.ActiveCfg = Release|Any CPU
		{348A67F7-DA71-4D99-845E-E58A5EFD391F}.Release|Any CPU.Build.0 = Release|Any CPU
		{348A67F7-DA71-4D99-845E-E58A5EFD391F}.Release|x64.ActiveCfg = Release|Any CPU
		{348A67F7-DA71-4D99-845E-E58A5EFD391F}.Release|x64.Build.0 = Release|Any CPU
		{E3869F0B-8674-47D4-AF40-0A7C963CFC3F}.Debug|Any CPU.ActiveCfg = Debug|Any CPU
		{E3869F0B-8674-47D4-AF40-0A7C963CFC3F}.Debug|Any CPU.Build.0 = Debug|Any CPU
		{E3869F0B-8674-47D4-AF40-0A7C963CFC3F}.Debug|x64.ActiveCfg = Debug|Any CPU
		{E3869F0B-8674-47D4-AF40-0A7C963CFC3F}.Debug|x64.Build.0 = Debug|Any CPU
		{E3869F0B-8674-47D4-AF40-0A7C963CFC3F}.Release|Any CPU.ActiveCfg = Release|Any CPU
		{E3869F0B-8674-47D4-AF40-0A7C963CFC3F}.Release|Any CPU.Build.0 = Release|Any CPU
		{E3869F0B-8674-47D4-AF40-0A7C963CFC3F}.Release|x64.ActiveCfg = Release|Any CPU
		{E3869F0B-8674-47D4-AF40-0A7C963CFC3F}.Release|x64.Build.0 = Release|Any CPU
		{6A4F6056-2668-4E96-BCDD-97666A8B0FF0}.Debug|Any CPU.ActiveCfg = Debug|Any CPU
		{6A4F6056-2668-4E96-BCDD-97666A8B0FF0}.Debug|Any CPU.Build.0 = Debug|Any CPU
		{6A4F6056-2668-4E96-BCDD-97666A8B0FF0}.Debug|x64.ActiveCfg = Debug|Any CPU
		{6A4F6056-2668-4E96-BCDD-97666A8B0FF0}.Debug|x64.Build.0 = Debug|Any CPU
		{6A4F6056-2668-4E96-BCDD-97666A8B0FF0}.Release|Any CPU.ActiveCfg = Release|Any CPU
		{6A4F6056-2668-4E96-BCDD-97666A8B0FF0}.Release|Any CPU.Build.0 = Release|Any CPU
		{6A4F6056-2668-4E96-BCDD-97666A8B0FF0}.Release|x64.ActiveCfg = Release|Any CPU
		{6A4F6056-2668-4E96-BCDD-97666A8B0FF0}.Release|x64.Build.0 = Release|Any CPU
		{47819A99-FB23-4762-B81D-585DC9A8AF67}.Debug|Any CPU.ActiveCfg = Debug|Any CPU
		{47819A99-FB23-4762-B81D-585DC9A8AF67}.Debug|Any CPU.Build.0 = Debug|Any CPU
		{47819A99-FB23-4762-B81D-585DC9A8AF67}.Debug|x64.ActiveCfg = Debug|Any CPU
		{47819A99-FB23-4762-B81D-585DC9A8AF67}.Debug|x64.Build.0 = Debug|Any CPU
		{47819A99-FB23-4762-B81D-585DC9A8AF67}.Release|Any CPU.ActiveCfg = Release|Any CPU
		{47819A99-FB23-4762-B81D-585DC9A8AF67}.Release|Any CPU.Build.0 = Release|Any CPU
		{47819A99-FB23-4762-B81D-585DC9A8AF67}.Release|x64.ActiveCfg = Release|Any CPU
		{47819A99-FB23-4762-B81D-585DC9A8AF67}.Release|x64.Build.0 = Release|Any CPU
		{1A3D087D-729F-4CA5-81A0-BA8B8E1B4777}.Debug|Any CPU.ActiveCfg = Debug|Any CPU
		{1A3D087D-729F-4CA5-81A0-BA8B8E1B4777}.Debug|Any CPU.Build.0 = Debug|Any CPU
		{1A3D087D-729F-4CA5-81A0-BA8B8E1B4777}.Debug|x64.ActiveCfg = Debug|Any CPU
		{1A3D087D-729F-4CA5-81A0-BA8B8E1B4777}.Debug|x64.Build.0 = Debug|Any CPU
		{1A3D087D-729F-4CA5-81A0-BA8B8E1B4777}.Release|Any CPU.ActiveCfg = Release|Any CPU
		{1A3D087D-729F-4CA5-81A0-BA8B8E1B4777}.Release|Any CPU.Build.0 = Release|Any CPU
		{1A3D087D-729F-4CA5-81A0-BA8B8E1B4777}.Release|x64.ActiveCfg = Release|Any CPU
		{1A3D087D-729F-4CA5-81A0-BA8B8E1B4777}.Release|x64.Build.0 = Release|Any CPU
		{9711DED5-6B59-40F3-853F-1CE9D8F6A7A0}.Debug|Any CPU.ActiveCfg = Debug|Any CPU
		{9711DED5-6B59-40F3-853F-1CE9D8F6A7A0}.Debug|Any CPU.Build.0 = Debug|Any CPU
		{9711DED5-6B59-40F3-853F-1CE9D8F6A7A0}.Debug|x64.ActiveCfg = Debug|Any CPU
		{9711DED5-6B59-40F3-853F-1CE9D8F6A7A0}.Debug|x64.Build.0 = Debug|Any CPU
		{9711DED5-6B59-40F3-853F-1CE9D8F6A7A0}.Release|Any CPU.ActiveCfg = Release|Any CPU
		{9711DED5-6B59-40F3-853F-1CE9D8F6A7A0}.Release|Any CPU.Build.0 = Release|Any CPU
		{9711DED5-6B59-40F3-853F-1CE9D8F6A7A0}.Release|x64.ActiveCfg = Release|Any CPU
		{9711DED5-6B59-40F3-853F-1CE9D8F6A7A0}.Release|x64.Build.0 = Release|Any CPU
		{76E50063-7E8A-4E28-8C23-4988A7D45F5D}.Debug|Any CPU.ActiveCfg = Debug|Any CPU
		{76E50063-7E8A-4E28-8C23-4988A7D45F5D}.Debug|Any CPU.Build.0 = Debug|Any CPU
		{76E50063-7E8A-4E28-8C23-4988A7D45F5D}.Debug|x64.ActiveCfg = Debug|Any CPU
		{76E50063-7E8A-4E28-8C23-4988A7D45F5D}.Debug|x64.Build.0 = Debug|Any CPU
		{76E50063-7E8A-4E28-8C23-4988A7D45F5D}.Release|Any CPU.ActiveCfg = Release|Any CPU
		{76E50063-7E8A-4E28-8C23-4988A7D45F5D}.Release|Any CPU.Build.0 = Release|Any CPU
		{76E50063-7E8A-4E28-8C23-4988A7D45F5D}.Release|x64.ActiveCfg = Release|Any CPU
		{76E50063-7E8A-4E28-8C23-4988A7D45F5D}.Release|x64.Build.0 = Release|Any CPU
		{0F556D9A-3EB9-4671-A36B-9A9FF6BC05AD}.Debug|Any CPU.ActiveCfg = Debug|Any CPU
		{0F556D9A-3EB9-4671-A36B-9A9FF6BC05AD}.Debug|Any CPU.Build.0 = Debug|Any CPU
		{0F556D9A-3EB9-4671-A36B-9A9FF6BC05AD}.Debug|x64.ActiveCfg = Debug|Any CPU
		{0F556D9A-3EB9-4671-A36B-9A9FF6BC05AD}.Debug|x64.Build.0 = Debug|Any CPU
		{0F556D9A-3EB9-4671-A36B-9A9FF6BC05AD}.Release|Any CPU.ActiveCfg = Release|Any CPU
		{0F556D9A-3EB9-4671-A36B-9A9FF6BC05AD}.Release|Any CPU.Build.0 = Release|Any CPU
		{0F556D9A-3EB9-4671-A36B-9A9FF6BC05AD}.Release|x64.ActiveCfg = Release|Any CPU
		{0F556D9A-3EB9-4671-A36B-9A9FF6BC05AD}.Release|x64.Build.0 = Release|Any CPU
		{4E84673B-B6EF-442F-A707-151F280864AC}.Debug|Any CPU.ActiveCfg = Debug|Any CPU
		{4E84673B-B6EF-442F-A707-151F280864AC}.Debug|Any CPU.Build.0 = Debug|Any CPU
		{4E84673B-B6EF-442F-A707-151F280864AC}.Debug|x64.ActiveCfg = Debug|Any CPU
		{4E84673B-B6EF-442F-A707-151F280864AC}.Debug|x64.Build.0 = Debug|Any CPU
		{4E84673B-B6EF-442F-A707-151F280864AC}.Release|Any CPU.ActiveCfg = Release|Any CPU
		{4E84673B-B6EF-442F-A707-151F280864AC}.Release|Any CPU.Build.0 = Release|Any CPU
		{4E84673B-B6EF-442F-A707-151F280864AC}.Release|x64.ActiveCfg = Release|Any CPU
		{4E84673B-B6EF-442F-A707-151F280864AC}.Release|x64.Build.0 = Release|Any CPU
		{A8B047EA-40B6-4CCC-BA67-606A653C45B2}.Debug|Any CPU.ActiveCfg = Debug|Any CPU
		{A8B047EA-40B6-4CCC-BA67-606A653C45B2}.Debug|Any CPU.Build.0 = Debug|Any CPU
		{A8B047EA-40B6-4CCC-BA67-606A653C45B2}.Debug|x64.ActiveCfg = Debug|Any CPU
		{A8B047EA-40B6-4CCC-BA67-606A653C45B2}.Debug|x64.Build.0 = Debug|Any CPU
		{A8B047EA-40B6-4CCC-BA67-606A653C45B2}.Release|Any CPU.ActiveCfg = Release|Any CPU
		{A8B047EA-40B6-4CCC-BA67-606A653C45B2}.Release|Any CPU.Build.0 = Release|Any CPU
		{A8B047EA-40B6-4CCC-BA67-606A653C45B2}.Release|x64.ActiveCfg = Release|Any CPU
		{A8B047EA-40B6-4CCC-BA67-606A653C45B2}.Release|x64.Build.0 = Release|Any CPU
		{D9A8FCA6-6241-4CAC-BFC4-1352E21E0A79}.Debug|Any CPU.ActiveCfg = Debug|Any CPU
		{D9A8FCA6-6241-4CAC-BFC4-1352E21E0A79}.Debug|Any CPU.Build.0 = Debug|Any CPU
		{D9A8FCA6-6241-4CAC-BFC4-1352E21E0A79}.Debug|x64.ActiveCfg = Debug|Any CPU
		{D9A8FCA6-6241-4CAC-BFC4-1352E21E0A79}.Debug|x64.Build.0 = Debug|Any CPU
		{D9A8FCA6-6241-4CAC-BFC4-1352E21E0A79}.Release|Any CPU.ActiveCfg = Release|Any CPU
		{D9A8FCA6-6241-4CAC-BFC4-1352E21E0A79}.Release|Any CPU.Build.0 = Release|Any CPU
		{D9A8FCA6-6241-4CAC-BFC4-1352E21E0A79}.Release|x64.ActiveCfg = Release|Any CPU
		{D9A8FCA6-6241-4CAC-BFC4-1352E21E0A79}.Release|x64.Build.0 = Release|Any CPU
		{26AFCC69-9511-4ABB-AEAA-676C7B2F829D}.Debug|Any CPU.ActiveCfg = Debug|Any CPU
		{26AFCC69-9511-4ABB-AEAA-676C7B2F829D}.Debug|Any CPU.Build.0 = Debug|Any CPU
		{26AFCC69-9511-4ABB-AEAA-676C7B2F829D}.Debug|x64.ActiveCfg = Debug|Any CPU
		{26AFCC69-9511-4ABB-AEAA-676C7B2F829D}.Debug|x64.Build.0 = Debug|Any CPU
		{26AFCC69-9511-4ABB-AEAA-676C7B2F829D}.Release|Any CPU.ActiveCfg = Release|Any CPU
		{26AFCC69-9511-4ABB-AEAA-676C7B2F829D}.Release|Any CPU.Build.0 = Release|Any CPU
		{26AFCC69-9511-4ABB-AEAA-676C7B2F829D}.Release|x64.ActiveCfg = Release|Any CPU
		{26AFCC69-9511-4ABB-AEAA-676C7B2F829D}.Release|x64.Build.0 = Release|Any CPU
		{963CE90C-9EBB-43D3-850F-8A0DCB2C5056}.Debug|Any CPU.ActiveCfg = Debug|Any CPU
		{963CE90C-9EBB-43D3-850F-8A0DCB2C5056}.Debug|Any CPU.Build.0 = Debug|Any CPU
		{963CE90C-9EBB-43D3-850F-8A0DCB2C5056}.Debug|x64.ActiveCfg = Debug|Any CPU
		{963CE90C-9EBB-43D3-850F-8A0DCB2C5056}.Debug|x64.Build.0 = Debug|Any CPU
		{963CE90C-9EBB-43D3-850F-8A0DCB2C5056}.Release|Any CPU.ActiveCfg = Release|Any CPU
		{963CE90C-9EBB-43D3-850F-8A0DCB2C5056}.Release|Any CPU.Build.0 = Release|Any CPU
		{963CE90C-9EBB-43D3-850F-8A0DCB2C5056}.Release|x64.ActiveCfg = Release|Any CPU
		{963CE90C-9EBB-43D3-850F-8A0DCB2C5056}.Release|x64.Build.0 = Release|Any CPU
		{B3B59903-D472-4E10-ABF9-32CD9BEF5D5F}.Debug|Any CPU.ActiveCfg = Debug|Any CPU
		{B3B59903-D472-4E10-ABF9-32CD9BEF5D5F}.Debug|Any CPU.Build.0 = Debug|Any CPU
		{B3B59903-D472-4E10-ABF9-32CD9BEF5D5F}.Debug|x64.ActiveCfg = Debug|Any CPU
		{B3B59903-D472-4E10-ABF9-32CD9BEF5D5F}.Debug|x64.Build.0 = Debug|Any CPU
		{B3B59903-D472-4E10-ABF9-32CD9BEF5D5F}.Release|Any CPU.ActiveCfg = Release|Any CPU
		{B3B59903-D472-4E10-ABF9-32CD9BEF5D5F}.Release|Any CPU.Build.0 = Release|Any CPU
		{B3B59903-D472-4E10-ABF9-32CD9BEF5D5F}.Release|x64.ActiveCfg = Release|Any CPU
		{B3B59903-D472-4E10-ABF9-32CD9BEF5D5F}.Release|x64.Build.0 = Release|Any CPU
		{3BB395B1-A758-4355-8FF1-E03A3681A30F}.Debug|Any CPU.ActiveCfg = Debug|Any CPU
		{3BB395B1-A758-4355-8FF1-E03A3681A30F}.Debug|Any CPU.Build.0 = Debug|Any CPU
		{3BB395B1-A758-4355-8FF1-E03A3681A30F}.Debug|x64.ActiveCfg = Debug|Any CPU
		{3BB395B1-A758-4355-8FF1-E03A3681A30F}.Debug|x64.Build.0 = Debug|Any CPU
		{3BB395B1-A758-4355-8FF1-E03A3681A30F}.Release|Any CPU.ActiveCfg = Release|Any CPU
		{3BB395B1-A758-4355-8FF1-E03A3681A30F}.Release|Any CPU.Build.0 = Release|Any CPU
		{3BB395B1-A758-4355-8FF1-E03A3681A30F}.Release|x64.ActiveCfg = Release|Any CPU
		{3BB395B1-A758-4355-8FF1-E03A3681A30F}.Release|x64.Build.0 = Release|Any CPU
		{0AF734DB-2687-4B9B-BA88-ED65D73B416E}.Debug|Any CPU.ActiveCfg = Debug|Any CPU
		{0AF734DB-2687-4B9B-BA88-ED65D73B416E}.Debug|Any CPU.Build.0 = Debug|Any CPU
		{0AF734DB-2687-4B9B-BA88-ED65D73B416E}.Debug|x64.ActiveCfg = Debug|Any CPU
		{0AF734DB-2687-4B9B-BA88-ED65D73B416E}.Debug|x64.Build.0 = Debug|Any CPU
		{0AF734DB-2687-4B9B-BA88-ED65D73B416E}.Release|Any CPU.ActiveCfg = Release|Any CPU
		{0AF734DB-2687-4B9B-BA88-ED65D73B416E}.Release|Any CPU.Build.0 = Release|Any CPU
		{0AF734DB-2687-4B9B-BA88-ED65D73B416E}.Release|x64.ActiveCfg = Release|Any CPU
		{0AF734DB-2687-4B9B-BA88-ED65D73B416E}.Release|x64.Build.0 = Release|Any CPU
	EndGlobalSection
	GlobalSection(SolutionProperties) = preSolution
		HideSolutionNode = FALSE
	EndGlobalSection
	GlobalSection(ExtensibilityGlobals) = postSolution
		SolutionGuid = {18B4D9C0-31CD-4A77-819F-13ABAE1C0A9A}
	EndGlobalSection
EndGlobal
